{
  "name": "nss-rs",
  "lockfileVersion": 3,
  "requires": true,
  "packages": {
    "": {
      "dependencies": {
        "tombi": "1.5.10"
      }
    },
    "node_modules/@tombi-toml/cli-darwin-arm64": {
      "version": "1.5.10",
      "resolved": "https://registry.npmjs.org/@tombi-toml/cli-darwin-arm64/-/cli-darwin-arm64-1.5.10.tgz",
      "integrity": "sha512-7NuIUbK+XaouBCuxibGPNIjGsIkbhWrohCOtj8ZfFFK6R56TS1wz/aRePiRKRmpYmaWOEn2NrGEK80omNcfbTw==",
      "cpu": [
        "arm64"
      ],
      "license": "MIT",
      "optional": true,
      "os": [
        "darwin"
      ],
      "engines": {
        "node": ">=14.0.0"
      }
    },
    "node_modules/@tombi-toml/cli-darwin-x64": {
      "version": "1.5.10",
      "resolved": "https://registry.npmjs.org/@tombi-toml/cli-darwin-x64/-/cli-darwin-x64-1.5.10.tgz",
      "integrity": "sha512-Bwjl671NZ30BiJZFhStCDU3FIPEdyFK5V/ur7UjVjqL0bpyQry/vnktRiz9rh2OdB27L5UZ1iViCD9C7YyAMhA==",
      "cpu": [
        "x64"
      ],
      "license": "MIT",
      "optional": true,
      "os": [
        "darwin"
      ],
      "engines": {
        "node": ">=14.0.0"
      }
    },
    "node_modules/@tombi-toml/cli-linux-arm64": {
      "version": "1.5.10",
      "resolved": "https://registry.npmjs.org/@tombi-toml/cli-linux-arm64/-/cli-linux-arm64-1.5.10.tgz",
      "integrity": "sha512-HVATjmfQ6/II8xAiVbEI8Wv2gje0A4hC0r5QTAIc0youNPTuwi8n2Wicj3ny5xiQlsNWLCkI24Ti/kEdqryOqA==",
      "cpu": [
        "arm64"
      ],
      "libc": [
        "glibc"
      ],
      "license": "MIT",
      "optional": true,
      "os": [
        "linux"
      ],
      "engines": {
        "node": ">=14.0.0"
      }
    },
    "node_modules/@tombi-toml/cli-linux-arm64-musl": {
      "version": "1.5.10",
      "resolved": "https://registry.npmjs.org/@tombi-toml/cli-linux-arm64-musl/-/cli-linux-arm64-musl-1.5.10.tgz",
      "integrity": "sha512-3weqLhH4/d9uTNZOiTrEPt2Ws1NYR5HYdQSkSnFVTcK/szQ5KWtK0GCTpPEXa4/QvG5ZYtFgLrqGULjZtbLp5A==",
      "cpu": [
        "arm64"
      ],
      "libc": [
        "musl"
      ],
      "license": "MIT",
      "optional": true,
      "os": [
        "linux"
      ],
      "engines": {
        "node": ">=14.0.0"
      }
    },
    "node_modules/@tombi-toml/cli-linux-x64": {
      "version": "1.5.10",
      "resolved": "https://registry.npmjs.org/@tombi-toml/cli-linux-x64/-/cli-linux-x64-1.5.10.tgz",
      "integrity": "sha512-xBp+xik9qAkfeT9UL1VfbmqZkst3x38dBDUPLbzgxLh3WDKO0/7A6dTpUQOz3w19P6ZjRcggMpYsq80ri8Ry5A==",
      "cpu": [
        "x64"
      ],
      "libc": [
        "glibc"
      ],
      "license": "MIT",
      "optional": true,
      "os": [
        "linux"
      ],
      "engines": {
        "node": ">=14.0.0"
      }
    },
    "node_modules/@tombi-toml/cli-linux-x64-musl": {
      "version": "1.5.10",
      "resolved": "https://registry.npmjs.org/@tombi-toml/cli-linux-x64-musl/-/cli-linux-x64-musl-1.5.10.tgz",
      "integrity": "sha512-/9RwREwvqBvb8D5EhpTZf4X+iNry+bPOH5IlSG2U9g8lyLnATXI1PolQlyuxG782T6vYDDMDV4FUX958550fng==",
      "cpu": [
        "x64"
      ],
      "libc": [
        "musl"
      ],
      "license": "MIT",
      "optional": true,
      "os": [
        "linux"
      ],
      "engines": {
        "node": ">=14.0.0"
      }
    },
    "node_modules/@tombi-toml/cli-sunos-x64": {
      "version": "1.5.10",
      "resolved": "https://registry.npmjs.org/@tombi-toml/cli-sunos-x64/-/cli-sunos-x64-1.5.10.tgz",
      "integrity": "sha512-7dqOcPk7/Cw+Kl1spoROUbVoaan+L6iXeglJm8bNwlnXqVgclxqRKthx1tP1mSTmltOGPaiT1HjcsmFfdCxg0w==",
      "cpu": [
        "x64"
      ],
      "license": "MIT",
      "optional": true,
      "os": [
        "sunos"
      ],
      "engines": {
        "node": ">=14.0.0"
      }
    },
    "node_modules/@tombi-toml/cli-win32-arm64": {
      "version": "1.5.10",
      "resolved": "https://registry.npmjs.org/@tombi-toml/cli-win32-arm64/-/cli-win32-arm64-1.5.10.tgz",
      "integrity": "sha512-GSTQ7b2TRoAOapXLd4bqfojSSugdL1kQ5Qp379KKwXht0gAxykpIlmiMBWB0wyNlxNP9ncMAy80fiD1xIEL1tA==",
      "cpu": [
        "arm64"
      ],
      "license": "MIT",
      "optional": true,
      "os": [
        "win32"
      ],
      "engines": {
        "node": ">=14.0.0"
      }
    },
    "node_modules/@tombi-toml/cli-win32-x64": {
      "version": "1.5.10",
      "resolved": "https://registry.npmjs.org/@tombi-toml/cli-win32-x64/-/cli-win32-x64-1.5.10.tgz",
      "integrity": "sha512-cLho10OVaihsYKbPDh7uxaw2cWZXV3Pi4GKHVzX4BE4rfm1quhdpMQeLJ3VXcrvBKNxDd7XGlMnYqjxFd6MhUA==",
      "cpu": [
        "x64"
      ],
      "license": "MIT",
      "optional": true,
      "os": [
        "win32"
      ],
      "engines": {
        "node": ">=14.0.0"
      }
    },
    "node_modules/tombi": {
      "version": "1.5.10",
      "resolved": "https://registry.npmjs.org/tombi/-/tombi-1.5.10.tgz",
      "integrity": "sha512-xKRBUTDzjk9VUscTyQpVaZQSK720AD/83A2M6gF52CRo5WnEA1dhl8N59kbG06ADrYdYAvzt1m57w/Q3LQKL1g==",
      "license": "MIT",
      "bin": {
        "tombi": "bin/tombi"
      },
      "engines": {
        "node": ">=14.0.0"
      },
      "optionalDependencies": {
        "@tombi-toml/cli-darwin-arm64": "1.5.10",
        "@tombi-toml/cli-darwin-x64": "1.5.10",
        "@tombi-toml/cli-linux-arm64": "1.5.10",
        "@tombi-toml/cli-linux-arm64-musl": "1.5.10",
        "@tombi-toml/cli-linux-x64": "1.5.10",
        "@tombi-toml/cli-linux-x64-musl": "1.5.10",
        "@tombi-toml/cli-sunos-x64": "1.5.10",
        "@tombi-toml/cli-win32-arm64": "1.5.10",
        "@tombi-toml/cli-win32-x64": "1.5.10"
      }
    }
  }
}
