{
  "name": "nss-rs",
  "lockfileVersion": 3,
  "requires": true,
  "packages": {
    "": {
      "dependencies": {
        "tombi": "1.5.4"
      }
    },
    "node_modules/@tombi-toml/cli-darwin-arm64": {
      "version": "1.5.4",
      "resolved": "https://registry.npmjs.org/@tombi-toml/cli-darwin-arm64/-/cli-darwin-arm64-1.5.4.tgz",
      "integrity": "sha512-J8ppYaHt83UEM8qOQLcVkvHPFN+BKuDrPpfaX1dRd3+Ir56+BB9E2HTUQxxb4UCk0rskQo96ONNGrEWN4IFNqA==",
      "cpu": [
        "arm64"
      ],
      "license": "MIT",
      "optional": true,
      "os": [
        "darwin"
      ],
      "engines": {
        "node": ">=14.0.0"
      }
    },
    "node_modules/@tombi-toml/cli-darwin-x64": {
      "version": "1.5.4",
      "resolved": "https://registry.npmjs.org/@tombi-toml/cli-darwin-x64/-/cli-darwin-x64-1.5.4.tgz",
      "integrity": "sha512-nZDd/jFGaQMTRhLymE3/Ptu1jaBFFjvxv/opB26Zl2XaJv8ndQBhCiFq1EBoQt8I8gTEttR7DXD8vwf/1sm3/w==",
      "cpu": [
        "x64"
      ],
      "license": "MIT",
      "optional": true,
      "os": [
        "darwin"
      ],
      "engines": {
        "node": ">=14.0.0"
      }
    },
    "node_modules/@tombi-toml/cli-linux-arm64": {
      "version": "1.5.4",
      "resolved": "https://registry.npmjs.org/@tombi-toml/cli-linux-arm64/-/cli-linux-arm64-1.5.4.tgz",
      "integrity": "sha512-4eVM+U6DDSWsFmJFxITmTcR6NWsu92o2TDBVD+fe1yVwYdEn9C7ryvWG/NSZHYT4VRZ9hqhc5MbSWN0g4isIEA==",
      "cpu": [
        "arm64"
      ],
      "libc": [
        "glibc"
      ],
      "license": "MIT",
      "optional": true,
      "os": [
        "linux"
      ],
      "engines": {
        "node": ">=14.0.0"
      }
    },
    "node_modules/@tombi-toml/cli-linux-arm64-musl": {
      "version": "1.5.4",
      "resolved": "https://registry.npmjs.org/@tombi-toml/cli-linux-arm64-musl/-/cli-linux-arm64-musl-1.5.4.tgz",
      "integrity": "sha512-03g9GT+tOF8rsMG1gcDeyqRGVFh5gNDqUizxWT6/uHn7UlB/mp9yMGEwzn2xAPOo5HHguDK7Jk/GhPeIyPADAA==",
      "cpu": [
        "arm64"
      ],
      "libc": [
        "musl"
      ],
      "license": "MIT",
      "optional": true,
      "os": [
        "linux"
      ],
      "engines": {
        "node": ">=14.0.0"
      }
    },
    "node_modules/@tombi-toml/cli-linux-x64": {
      "version": "1.5.4",
      "resolved": "https://registry.npmjs.org/@tombi-toml/cli-linux-x64/-/cli-linux-x64-1.5.4.tgz",
      "integrity": "sha512-YR0mt+aw78HSpBAtzcIL5kbsEb4BqEGxlPmAueMZkNYHRuuhDzdnlvwPhuC6KbGbbpLq2mSvISIqU5ySzvtSNg==",
      "cpu": [
        "x64"
      ],
      "libc": [
        "glibc"
      ],
      "license": "MIT",
      "optional": true,
      "os": [
        "linux"
      ],
      "engines": {
        "node": ">=14.0.0"
      }
    },
    "node_modules/@tombi-toml/cli-linux-x64-musl": {
      "version": "1.5.4",
      "resolved": "https://registry.npmjs.org/@tombi-toml/cli-linux-x64-musl/-/cli-linux-x64-musl-1.5.4.tgz",
      "integrity": "sha512-tAjufBrG05GWSfwautBCX2B5FJcwb3XuCGKi17yek7TxokuysIvV7gqryzPPGvPjXQfbCfQwX+O/b/OOsCGgXg==",
      "cpu": [
        "x64"
      ],
      "libc": [
        "musl"
      ],
      "license": "MIT",
      "optional": true,
      "os": [
        "linux"
      ],
      "engines": {
        "node": ">=14.0.0"
      }
    },
    "node_modules/@tombi-toml/cli-sunos-x64": {
      "version": "1.5.4",
      "resolved": "https://registry.npmjs.org/@tombi-toml/cli-sunos-x64/-/cli-sunos-x64-1.5.4.tgz",
      "integrity": "sha512-tlsUBOXVbxHLr3BhxcxbkyJ9DQlVMqnbGLJdThKlTOcU0o1OehIzYjm5g0i+bhxaclQBWKHiTOjjcWLonHXQ1Q==",
      "cpu": [
        "x64"
      ],
      "license": "MIT",
      "optional": true,
      "os": [
        "sunos"
      ],
      "engines": {
        "node": ">=14.0.0"
      }
    },
    "node_modules/@tombi-toml/cli-win32-arm64": {
      "version": "1.5.4",
      "resolved": "https://registry.npmjs.org/@tombi-toml/cli-win32-arm64/-/cli-win32-arm64-1.5.4.tgz",
      "integrity": "sha512-IJ54EmHeizMuIEEPviGsksZj7jsTk4vnB9/KGNebAmj8/NP5DlvJ1P03uZgwPSVB3u6TWmqDczhQzanrjuNnnQ==",
      "cpu": [
        "arm64"
      ],
      "license": "MIT",
      "optional": true,
      "os": [
        "win32"
      ],
      "engines": {
        "node": ">=14.0.0"
      }
    },
    "node_modules/@tombi-toml/cli-win32-x64": {
      "version": "1.5.4",
      "resolved": "https://registry.npmjs.org/@tombi-toml/cli-win32-x64/-/cli-win32-x64-1.5.4.tgz",
      "integrity": "sha512-KRkU+SatHT2rjT/qnoKtrZg2VlyNHLboV5SM+/G64cc5gFieroiITy5Hy8MhUqIsvDKLOrPX9/ZNI4v71Deacg==",
      "cpu": [
        "x64"
      ],
      "license": "MIT",
      "optional": true,
      "os": [
        "win32"
      ],
      "engines": {
        "node": ">=14.0.0"
      }
    },
    "node_modules/tombi": {
      "version": "1.5.4",
      "resolved": "https://registry.npmjs.org/tombi/-/tombi-1.5.4.tgz",
      "integrity": "sha512-l6h2dpKEjf3C35NHZD9RuIB3iibyWSQDKarFO+2DnnFOr5KbTvGbH0LHVwGvQ0XAe0UVDBV5QoRqKkgvVdR9wA==",
      "license": "MIT",
      "bin": {
        "tombi": "bin/tombi"
      },
      "engines": {
        "node": ">=14.0.0"
      },
      "optionalDependencies": {
        "@tombi-toml/cli-darwin-arm64": "1.5.4",
        "@tombi-toml/cli-darwin-x64": "1.5.4",
        "@tombi-toml/cli-linux-arm64": "1.5.4",
        "@tombi-toml/cli-linux-arm64-musl": "1.5.4",
        "@tombi-toml/cli-linux-x64": "1.5.4",
        "@tombi-toml/cli-linux-x64-musl": "1.5.4",
        "@tombi-toml/cli-sunos-x64": "1.5.4",
        "@tombi-toml/cli-win32-arm64": "1.5.4",
        "@tombi-toml/cli-win32-x64": "1.5.4"
      }
    }
  }
}
