{
  "name": "nss-rs",
  "lockfileVersion": 3,
  "requires": true,
  "packages": {
    "": {
      "dependencies": {
        "tombi": "1.5.5"
      }
    },
    "node_modules/@tombi-toml/cli-darwin-arm64": {
      "version": "1.5.5",
      "resolved": "https://registry.npmjs.org/@tombi-toml/cli-darwin-arm64/-/cli-darwin-arm64-1.5.5.tgz",
      "integrity": "sha512-pIlEbOYN3RPF5usGwMisDJbEln+etzbTTc5BRZfbCgOU1ZA2Zn3ZY88cGwHXayc8be3USdlEu24l45af5XO9+A==",
      "cpu": [
        "arm64"
      ],
      "license": "MIT",
      "optional": true,
      "os": [
        "darwin"
      ],
      "engines": {
        "node": ">=14.0.0"
      }
    },
    "node_modules/@tombi-toml/cli-darwin-x64": {
      "version": "1.5.5",
      "resolved": "https://registry.npmjs.org/@tombi-toml/cli-darwin-x64/-/cli-darwin-x64-1.5.5.tgz",
      "integrity": "sha512-bDMZrYAltRtn1V1cNxgFIUdp9MX+Z+9zhRFsDrKFQQoflhPEr3Bqbru52LHdFhTCb2zCvf8ir1VnHnu2gE8BrA==",
      "cpu": [
        "x64"
      ],
      "license": "MIT",
      "optional": true,
      "os": [
        "darwin"
      ],
      "engines": {
        "node": ">=14.0.0"
      }
    },
    "node_modules/@tombi-toml/cli-linux-arm64": {
      "version": "1.5.5",
      "resolved": "https://registry.npmjs.org/@tombi-toml/cli-linux-arm64/-/cli-linux-arm64-1.5.5.tgz",
      "integrity": "sha512-yixZSwfMIizfOfljU+HO4G1Jt+prHz1Rud3UbOEnw1hF2rAej/CfPIZN2xoT62MFvj9F5RlHOHMjXBdZRx4cGQ==",
      "cpu": [
        "arm64"
      ],
      "libc": [
        "glibc"
      ],
      "license": "MIT",
      "optional": true,
      "os": [
        "linux"
      ],
      "engines": {
        "node": ">=14.0.0"
      }
    },
    "node_modules/@tombi-toml/cli-linux-arm64-musl": {
      "version": "1.5.5",
      "resolved": "https://registry.npmjs.org/@tombi-toml/cli-linux-arm64-musl/-/cli-linux-arm64-musl-1.5.5.tgz",
      "integrity": "sha512-Y8WPHVFHv6Zf9DisrP+bQUH+Vzs6UgxJxAYDG8zCTtpnxJFqVmHgrRPebv+X/TkCJYgznDxU41Q0cMNJ68jRnw==",
      "cpu": [
        "arm64"
      ],
      "libc": [
        "musl"
      ],
      "license": "MIT",
      "optional": true,
      "os": [
        "linux"
      ],
      "engines": {
        "node": ">=14.0.0"
      }
    },
    "node_modules/@tombi-toml/cli-linux-x64": {
      "version": "1.5.5",
      "resolved": "https://registry.npmjs.org/@tombi-toml/cli-linux-x64/-/cli-linux-x64-1.5.5.tgz",
      "integrity": "sha512-3AWdWuGQ+Y6vJyCrEaKS8BOOtJW7ZX5aiv8JKJocB/+YZ/oMAi9PBPnJA9VXiuRyX3z8pAN7q5Rf0KytcuISBA==",
      "cpu": [
        "x64"
      ],
      "libc": [
        "glibc"
      ],
      "license": "MIT",
      "optional": true,
      "os": [
        "linux"
      ],
      "engines": {
        "node": ">=14.0.0"
      }
    },
    "node_modules/@tombi-toml/cli-linux-x64-musl": {
      "version": "1.5.5",
      "resolved": "https://registry.npmjs.org/@tombi-toml/cli-linux-x64-musl/-/cli-linux-x64-musl-1.5.5.tgz",
      "integrity": "sha512-c9sGm5LZWxVT2IQUjwRI5Ql8d5pE6ahtwA+6brmVikXvWsfu7SsmnhxrN0VtHZf50/bHirXyuArIxCc3L6Wy9w==",
      "cpu": [
        "x64"
      ],
      "libc": [
        "musl"
      ],
      "license": "MIT",
      "optional": true,
      "os": [
        "linux"
      ],
      "engines": {
        "node": ">=14.0.0"
      }
    },
    "node_modules/@tombi-toml/cli-sunos-x64": {
      "version": "1.5.5",
      "resolved": "https://registry.npmjs.org/@tombi-toml/cli-sunos-x64/-/cli-sunos-x64-1.5.5.tgz",
      "integrity": "sha512-SKKzvklVj9749rXih7GLyT5Qrz7OGN60/6Jf44DnlE9M45pEeA8y2YXy86OdQ84yaioyFTYNigbjdZrAYSC2RA==",
      "cpu": [
        "x64"
      ],
      "license": "MIT",
      "optional": true,
      "os": [
        "sunos"
      ],
      "engines": {
        "node": ">=14.0.0"
      }
    },
    "node_modules/@tombi-toml/cli-win32-arm64": {
      "version": "1.5.5",
      "resolved": "https://registry.npmjs.org/@tombi-toml/cli-win32-arm64/-/cli-win32-arm64-1.5.5.tgz",
      "integrity": "sha512-LZKN5jtJrzpx7Ad3Nw26vn3dsv2RjwKxDzhdFmu2UODeBpTb2vkqUqPeuJQ0BHeqJ4Ou1Iy6N2iT7F2/SwnJbQ==",
      "cpu": [
        "arm64"
      ],
      "license": "MIT",
      "optional": true,
      "os": [
        "win32"
      ],
      "engines": {
        "node": ">=14.0.0"
      }
    },
    "node_modules/@tombi-toml/cli-win32-x64": {
      "version": "1.5.5",
      "resolved": "https://registry.npmjs.org/@tombi-toml/cli-win32-x64/-/cli-win32-x64-1.5.5.tgz",
      "integrity": "sha512-CbWaV2yZhtxr+IWnA8CWdQKuegwRRnohSTUv8kPiJFPMppA7fxzXUpgEnqO/nYohQGlqSz5L0xXsi/6asib1cw==",
      "cpu": [
        "x64"
      ],
      "license": "MIT",
      "optional": true,
      "os": [
        "win32"
      ],
      "engines": {
        "node": ">=14.0.0"
      }
    },
    "node_modules/tombi": {
      "version": "1.5.5",
      "resolved": "https://registry.npmjs.org/tombi/-/tombi-1.5.5.tgz",
      "integrity": "sha512-tY+XwsZmMCj4BHbX1iot1H5djjvAmANKf8bIJJWPvDvc+JIwE8/7Od3ryIfnqGzZepLk249O2GOyeaTSO+8F+w==",
      "license": "MIT",
      "bin": {
        "tombi": "bin/tombi"
      },
      "engines": {
        "node": ">=14.0.0"
      },
      "optionalDependencies": {
        "@tombi-toml/cli-darwin-arm64": "1.5.5",
        "@tombi-toml/cli-darwin-x64": "1.5.5",
        "@tombi-toml/cli-linux-arm64": "1.5.5",
        "@tombi-toml/cli-linux-arm64-musl": "1.5.5",
        "@tombi-toml/cli-linux-x64": "1.5.5",
        "@tombi-toml/cli-linux-x64-musl": "1.5.5",
        "@tombi-toml/cli-sunos-x64": "1.5.5",
        "@tombi-toml/cli-win32-arm64": "1.5.5",
        "@tombi-toml/cli-win32-x64": "1.5.5"
      }
    }
  }
}
